// !$*UTF8*$!
{
	archiveVersion = 1;
	classes = {
	};
	objectVersion = 46;
	objects = {

/* Begin PBXBuildFile section */
		A4B4831D44971A9292E27981 /* libPods.a in Frameworks */ = {isa = PBXBuildFile; fileRef = 2819939BF17EB210A27288D5 /* libPods.a */; };
		B4ED77CB1BD608C00069F7C1 /* main.m in Sources */ = {isa = PBXBuildFile; fileRef = B4ED77CA1BD608C00069F7C1 /* main.m */; };
		B4ED77CE1BD608C00069F7C1 /* AppDelegate.m in Sources */ = {isa = PBXBuildFile; fileRef = B4ED77CD1BD608C00069F7C1 /* AppDelegate.m */; };
		B4ED77D11BD608C00069F7C1 /* ViewController.m in Sources */ = {isa = PBXBuildFile; fileRef = B4ED77D01BD608C00069F7C1 /* ViewController.m */; };
		B4ED77D41BD608C00069F7C1 /* Main.storyboard in Resources */ = {isa = PBXBuildFile; fileRef = B4ED77D21BD608C00069F7C1 /* Main.storyboard */; };
		B4ED77D61BD608C00069F7C1 /* Assets.xcassets in Resources */ = {isa = PBXBuildFile; fileRef = B4ED77D51BD608C00069F7C1 /* Assets.xcassets */; };
		B4ED77D91BD608C00069F7C1 /* LaunchScreen.storyboard in Resources */ = {isa = PBXBuildFile; fileRef = B4ED77D71BD608C00069F7C1 /* LaunchScreen.storyboard */; };
/* End PBXBuildFile section */

/* Begin PBXFileReference section */
		2819939BF17EB210A27288D5 /* libPods.a */ = {isa = PBXFileReference; explicitFileType = archive.ar; includeInIndex = 0; path = libPods.a; sourceTree = BUILT_PRODUCTS_DIR; };
		2FAF29675E005B959EAA8FE9 /* Pods.debug.xcconfig */ = {isa = PBXFileReference; includeInIndex = 1; lastKnownFileType = text.xcconfig; name = Pods.debug.xcconfig; path = "Pods/Target Support Files/Pods/Pods.debug.xcconfig"; sourceTree = "<group>"; };
		B4ED77C61BD608C00069F7C1 /* fitnessdiary.app */ = {isa = PBXFileReference; explicitFileType = wrapper.application; includeInIndex = 0; path = fitnessdiary.app; sourceTree = BUILT_PRODUCTS_DIR; };
		B4ED77CA1BD608C00069F7C1 /* main.m */ = {isa = PBXFileReference; lastKnownFileType = sourcecode.c.objc; path = main.m; sourceTree = "<group>"; };
		B4ED77CC1BD608C00069F7C1 /* AppDelegate.h */ = {isa = PBXFileReference; lastKnownFileType = sourcecode.c.h; path = AppDelegate.h; sourceTree = "<group>"; };
		B4ED77CD1BD608C00069F7C1 /* AppDelegate.m */ = {isa = PBXFileReference; lastKnownFileType = sourcecode.c.objc; path = AppDelegate.m; sourceTree = "<group>"; };
		B4ED77CF1BD608C00069F7C1 /* ViewController.h */ = {isa = PBXFileReference; lastKnownFileType = sourcecode.c.h; path = ViewController.h; sourceTree = "<group>"; };
		B4ED77D01BD608C00069F7C1 /* ViewController.m */ = {isa = PBXFileReference; lastKnownFileType = sourcecode.c.objc; path = ViewController.m; sourceTree = "<group>"; };
		B4ED77D31BD608C00069F7C1 /* Base */ = {isa = PBXFileReference; lastKnownFileType = file.storyboard; name = Base; path = Base.lproj/Main.storyboard; sourceTree = "<group>"; };
		B4ED77D51BD608C00069F7C1 /* Assets.xcassets */ = {isa = PBXFileReference; lastKnownFileType = folder.assetcatalog; path = Assets.xcassets; sourceTree = "<group>"; };
		B4ED77D81BD608C00069F7C1 /* Base */ = {isa = PBXFileReference; lastKnownFileType = file.storyboard; name = Base; path = Base.lproj/LaunchScreen.storyboard; sourceTree = "<group>"; };
		B4ED77DA1BD608C00069F7C1 /* Info.plist */ = {isa = PBXFileReference; lastKnownFileType = text.plist.xml; path = Info.plist; sourceTree = "<group>"; };
		DE2CC8565A3A87D5E82B6A63 /* Pods.release.xcconfig */ = {isa = PBXFileReference; includeInIndex = 1; lastKnownFileType = text.xcconfig; name = Pods.release.xcconfig; path = "Pods/Target Support Files/Pods/Pods.release.xcconfig"; sourceTree = "<group>"; };
/* End PBXFileReference section */

/* Begin PBXFrameworksBuildPhase section */
		B4ED77C31BD608C00069F7C1 /* Frameworks */ = {
			isa = PBXFrameworksBuildPhase;
			buildActionMask = 2147483647;
			files = (
				A4B4831D44971A9292E27981 /* libPods.a in Frameworks */,
			);
			runOnlyForDeploymentPostprocessing = 0;
		};
/* End PBXFrameworksBuildPhase section */

/* Begin PBXGroup section */
		8CFF5DD8358A9A7957120C91 /* Pods */ = {
			isa = PBXGroup;
			children = (
				2FAF29675E005B959EAA8FE9 /* Pods.debug.xcconfig */,
				DE2CC8565A3A87D5E82B6A63 /* Pods.release.xcconfig */,
			);
			name = Pods;
			sourceTree = "<group>";
		};
		B4ED77BD1BD608C00069F7C1 = {
			isa = PBXGroup;
			children = (
				B4ED77C81BD608C00069F7C1 /* fitnessdiary */,
				B4ED77C71BD608C00069F7C1 /* Products */,
				8CFF5DD8358A9A7957120C91 /* Pods */,
				F5BAF6FC3A97C0039EC3A290 /* Frameworks */,
			);
			sourceTree = "<group>";
		};
		B4ED77C71BD608C00069F7C1 /* Products */ = {
			isa = PBXGroup;
			children = (
				B4ED77C61BD608C00069F7C1 /* fitnessdiary.app */,
			);
			name = Products;
			sourceTree = "<group>";
		};
		B4ED77C81BD608C00069F7C1 /* fitnessdiary */ = {
			isa = PBXGroup;
			children = (
				B4ED77CC1BD608C00069F7C1 /* AppDelegate.h */,
				B4ED77CD1BD608C00069F7C1 /* AppDelegate.m */,
				B4ED77CF1BD608C00069F7C1 /* ViewController.h */,
				B4ED77D01BD608C00069F7C1 /* ViewController.m */,
				B4ED77D21BD608C00069F7C1 /* Main.storyboard */,
				B4ED77D51BD608C00069F7C1 /* Assets.xcassets */,
				B4ED77D71BD608C00069F7C1 /* LaunchScreen.storyboard */,
				B4ED77DA1BD608C00069F7C1 /* Info.plist */,
				B4ED77C91BD608C00069F7C1 /* Supporting Files */,
			);
			path = fitnessdiary;
			sourceTree = "<group>";
		};
		B4ED77C91BD608C00069F7C1 /* Supporting Files */ = {
			isa = PBXGroup;
			children = (
				B4ED77CA1BD608C00069F7C1 /* main.m */,
			);
			name = "Supporting Files";
			sourceTree = "<group>";
		};
		F5BAF6FC3A97C0039EC3A290 /* Frameworks */ = {
			isa = PBXGroup;
			children = (
				2819939BF17EB210A27288D5 /* libPods.a */,
			);
			name = Frameworks;
			sourceTree = "<group>";
		};
/* End PBXGroup section */

/* Begin PBXNativeTarget section */
		B4ED77C51BD608C00069F7C1 /* fitnessdiary */ = {
			isa = PBXNativeTarget;
			buildConfigurationList = B4ED77DD1BD608C00069F7C1 /* Build configuration list for PBXNativeTarget "fitnessdiary" */;
			buildPhases = (
				7C964A02297460241F22AF6F /* Check Pods Manifest.lock */,
				B4ED77C21BD608C00069F7C1 /* Sources */,
				B4ED77C31BD608C00069F7C1 /* Frameworks */,
				B4ED77C41BD608C00069F7C1 /* Resources */,
				52CF63A844D6C16CAC837F65 /* Embed Pods Frameworks */,
				61481ED7A35284F35993F2CA /* Copy Pods Resources */,
			);
			buildRules = (
			);
			dependencies = (
			);
			name = fitnessdiary;
			productName = fitnessdiary;
			productReference = B4ED77C61BD608C00069F7C1 /* fitnessdiary.app */;
			productType = "com.apple.product-type.application";
		};
/* End PBXNativeTarget section */

/* Begin PBXProject section */
		B4ED77BE1BD608C00069F7C1 /* Project object */ = {
			isa = PBXProject;
			attributes = {
				LastUpgradeCheck = 0700;
				ORGANIZATIONNAME = tapgo;
				TargetAttributes = {
					B4ED77C51BD608C00069F7C1 = {
						CreatedOnToolsVersion = 7.0.1;
					};
				};
			};
			buildConfigurationList = B4ED77C11BD608C00069F7C1 /* Build configuration list for PBXProject "fitnessdiary" */;
			compatibilityVersion = "Xcode 3.2";
			developmentRegion = English;
			hasScannedForEncodings = 0;
			knownRegions = (
				en,
				Base,
			);
			mainGroup = B4ED77BD1BD608C00069F7C1;
			productRefGroup = B4ED77C71BD608C00069F7C1 /* Products */;
			projectDirPath = "";
			projectRoot = "";
			targets = (
				B4ED77C51BD608C00069F7C1 /* fitnessdiary */,
			);
		};
/* End PBXProject section */

/* Begin PBXResourcesBuildPhase section */
		B4ED77C41BD608C00069F7C1 /* Resources */ = {
			isa = PBXResourcesBuildPhase;
			buildActionMask = 2147483647;
			files = (
				B4ED77D91BD608C00069F7C1 /* LaunchScreen.storyboard in Resources */,
				B4ED77D61BD608C00069F7C1 /* Assets.xcassets in Resources */,
				B4ED77D41BD608C00069F7C1 /* Main.storyboard in Resources */,
			);
			runOnlyForDeploymentPostprocessing = 0;
		};
/* End PBXResourcesBuildPhase section */

/* Begin PBXShellScriptBuildPhase section */
		52CF63A844D6C16CAC837F65 /* Embed Pods Frameworks */ = {
			isa = PBXShellScriptBuildPhase;
			buildActionMask = 2147483647;
			files = (
			);
			inputPaths = (
			);
			name = "Embed Pods Frameworks";
			outputPaths = (
			);
			runOnlyForDeploymentPostprocessing = 0;
			shellPath = /bin/sh;
			shellScript = "\"${SRCROOT}/Pods/Target Support Files/Pods/Pods-frameworks.sh\"\n";
			showEnvVarsInLog = 0;
		};
		61481ED7A35284F35993F2CA /* Copy Pods Resources */ = {
			isa = PBXShellScriptBuildPhase;
			buildActionMask = 2147483647;
			files = (
			);
			inputPaths = (
			);
			name = "Copy Pods Resources";
			outputPaths = (
			);
			runOnlyForDeploymentPostprocessing = 0;
			shellPath = /bin/sh;
			shellScript = "\"${SRCROOT}/Pods/Target Support Files/Pods/Pods-resources.sh\"\n";
			showEnvVarsInLog = 0;
		};
		7C964A02297460241F22AF6F /* Check Pods Manifest.lock */ = {
			isa = PBXShellScriptBuildPhase;
			buildActionMask = 2147483647;
			files = (
			);
			inputPaths = (
			);
			name = "Check Pods Manifest.lock";
			outputPaths = (
			);
			runOnlyForDeploymentPostprocessing = 0;
			shellPath = /bin/sh;
			shellScript = "diff \"${PODS_ROOT}/../Podfile.lock\" \"${PODS_ROOT}/Manifest.lock\" > /dev/null\nif [[ $? != 0 ]] ; then\n    cat << EOM\nerror: The sandbox is not in sync with the Podfile.lock. Run 'pod install' or update your CocoaPods installation.\nEOM\n    exit 1\nfi\n";
			showEnvVarsInLog = 0;
		};
/* End PBXShellScriptBuildPhase section */

/* Begin PBXSourcesBuildPhase section */
		B4ED77C21BD608C00069F7C1 /* Sources */ = {
			isa = PBXSourcesBuildPhase;
			buildActionMask = 2147483647;
			files = (
				B4ED77D11BD608C00069F7C1 /* ViewController.m in Sources */,
				B4ED77CE1BD608C00069F7C1 /* AppDelegate.m in Sources */,
				B4ED77CB1BD608C00069F7C1 /* main.m in Sources */,
			);
			runOnlyForDeploymentPostprocessing = 0;
		};
/* End PBXSourcesBuildPhase section */

/* Begin PBXVariantGroup section */
		B4ED77D21BD608C00069F7C1 /* Main.storyboard */ = {
			isa = PBXVariantGroup;
			children = (
				B4ED77D31BD608C00069F7C1 /* Base */,
			);
			name = Main.storyboard;
			sourceTree = "<group>";
		};
		B4ED77D71BD608C00069F7C1 /* LaunchScreen.storyboard */ = {
			isa = PBXVariantGroup;
			children = (
				B4ED77D81BD608C00069F7C1 /* Base */,
			);
			name = LaunchScreen.storyboard;
			sourceTree = "<group>";
		};
/* End PBXVariantGroup section */

/* Begin XCBuildConfiguration section */
		B4ED77DB1BD608C00069F7C1 /* Debug */ = {
			isa = XCBuildConfiguration;
			buildSettings = {
				ALWAYS_SEARCH_USER_PATHS = NO;
				CLANG_CXX_LANGUAGE_STANDARD = "gnu++0x";
				CLANG_CXX_LIBRARY = "libc++";
				CLANG_ENABLE_MODULES = YES;
				CLANG_ENABLE_OBJC_ARC = YES;
				CLANG_WARN_BOOL_CONVERSION = YES;
				CLANG_WARN_CONSTANT_CONVERSION = YES;
				CLANG_WARN_DIRECT_OBJC_ISA_USAGE = YES_ERROR;
				CLANG_WARN_EMPTY_BODY = YES;
				CLANG_WARN_ENUM_CONVERSION = YES;
				CLANG_WARN_INT_CONVERSION = YES;
				CLANG_WARN_OBJC_ROOT_CLASS = YES_ERROR;
				CLANG_WARN_UNREACHABLE_CODE = YES;
				CLANG_WARN__DUPLICATE_METHOD_MATCH = YES;
				"CODE_SIGN_IDENTITY[sdk=iphoneos*]" = "iPhone Developer";
				COPY_PHASE_STRIP = NO;
				DEBUG_INFORMATION_FORMAT = dwarf;
				ENABLE_STRICT_OBJC_MSGSEND = YES;
				ENABLE_TESTABILITY = YES;
				GCC_C_LANGUAGE_STANDARD = gnu99;
				GCC_DYNAMIC_NO_PIC = NO;
				GCC_NO_COMMON_BLOCKS = YES;
				GCC_OPTIMIZATION_LEVEL = 0;
				GCC_PREPROCESSOR_DEFINITIONS = (
					"DEBUG=1",
					"$(inherited)",
				);
				GCC_WARN_64_TO_32_BIT_CONVERSION = YES;
				GCC_WARN_ABOUT_RETURN_TYPE = YES_ERROR;
				GCC_WARN_UNDECLARED_SELECTOR = YES;
				GCC_WARN_UNINITIALIZED_AUTOS = YES_AGGRESSIVE;
				GCC_WARN_UNUSED_FUNCTION = YES;
				GCC_WARN_UNUSED_VARIABLE = YES;
				IPHONEOS_DEPLOYMENT_TARGET = 9.0;
				MTL_ENABLE_DEBUG_INFO = YES;
				ONLY_ACTIVE_ARCH = YES;
				SDKROOT = iphoneos;
			};
			name = Debug;
		};
		B4ED77DC1BD608C00069F7C1 /* Release */ = {
			isa = XCBuildConfiguration;
			buildSettings = {
				ALWAYS_SEARCH_USER_PATHS = NO;
				CLANG_CXX_LANGUAGE_STANDARD = "gnu++0x";
				CLANG_CXX_LIBRARY = "libc++";
				CLANG_ENABLE_MODULES = YES;
				CLANG_ENABLE_OBJC_ARC = YES;
				CLANG_WARN_BOOL_CONVERSION = YES;
				CLANG_WARN_CONSTANT_CONVERSION = YES;
				CLANG_WARN_DIRECT_OBJC_ISA_USAGE = YES_ERROR;
				CLANG_WARN_EMPTY_BODY = YES;
				CLANG_WARN_ENUM_CONVERSION = YES;
				CLANG_WARN_INT_CONVERSION = YES;
				CLANG_WARN_OBJC_ROOT_CLASS = YES_ERROR;
				CLANG_WARN_UNREACHABLE_CODE = YES;
				CLANG_WARN__DUPLICATE_METHOD_MATCH = YES;
				"CODE_SIGN_IDENTITY[sdk=iphoneos*]" = "iPhone Developer";
				COPY_PHASE_STRIP = NO;
				DEBUG_INFORMATION_FORMAT = "dwarf-with-dsym";
				ENABLE_NS_ASSERTIONS = NO;
				ENABLE_STRICT_OBJC_MSGSEND = YES;
				GCC_C_LANGUAGE_STANDARD = gnu99;
				GCC_NO_COMMON_BLOCKS = YES;
				GCC_WARN_64_TO_32_BIT_CONVERSION = YES;
				GCC_WARN_ABOUT_RETURN_TYPE = YES_ERROR;
				GCC_WARN_UNDECLARED_SELECTOR = YES;
				GCC_WARN_UNINITIALIZED_AUTOS = YES_AGGRESSIVE;
				GCC_WARN_UNUSED_FUNCTION = YES;
				GCC_WARN_UNUSED_VARIABLE = YES;
				IPHONEOS_DEPLOYMENT_TARGET = 9.0;
				MTL_ENABLE_DEBUG_INFO = NO;
				SDKROOT = iphoneos;
				VALIDATE_PRODUCT = YES;
			};
			name = Release;
		};
		B4ED77DE1BD608C00069F7C1 /* Debug */ = {
			isa = XCBuildConfiguration;
			baseConfigurationReference = 2FAF29675E005B959EAA8FE9 /* Pods.debug.xcconfig */;
			buildSettings = {
				ASSETCATALOG_COMPILER_APPICON_NAME = AppIcon;
				INFOPLIST_FILE = fitnessdiary/Info.plist;
				LD_RUNPATH_SEARCH_PATHS = "$(inherited) @executable_path/Frameworks";
				PRODUCT_BUNDLE_IDENTIFIER = tapgo.fitnessdiary;
				PRODUCT_NAME = "$(TARGET_NAME)";
			};
			name = Debug;
		};
		B4ED77DF1BD608C00069F7C1 /* Release */ = {
			isa = XCBuildConfiguration;
			baseConfigurationReference = DE2CC8565A3A87D5E82B6A63 /* Pods.release.xcconfig */;
			buildSettings = {
				ASSETCATALOG_COMPILER_APPICON_NAME = AppIcon;
				INFOPLIST_FILE = fitnessdiary/Info.plist;
				LD_RUNPATH_SEARCH_PATHS = "$(inherited) @executable_path/Frameworks";
				PRODUCT_BUNDLE_IDENTIFIER = tapgo.fitnessdiary;
				PRODUCT_NAME = "$(TARGET_NAME)";
			};
			name = Release;
		};
/* End XCBuildConfiguration section */

/* Begin XCConfigurationList section */
		B4ED77C11BD608C00069F7C1 /* Build configuration list for PBXProject "fitnessdiary" */ = {
			isa = XCConfigurationList;
			buildConfigurations = (
				B4ED77DB1BD608C00069F7C1 /* Debug */,
				B4ED77DC1BD608C00069F7C1 /* Release */,
			);
			defaultConfigurationIsVisible = 0;
			defaultConfigurationName = Release;
		};
		B4ED77DD1BD608C00069F7C1 /* Build configuration list for PBXNativeTarget "fitnessdiary" */ = {
			isa = XCConfigurationList;
			buildConfigurations = (
				B4ED77DE1BD608C00069F7C1 /* Debug */,
				B4ED77DF1BD608C00069F7C1 /* Release */,
			);
			defaultConfigurationIsVisible = 0;
			defaultConfigurationName = Release;
		};
/* End XCConfigurationList section */
	};
	rootObject = B4ED77BE1BD608C00069F7C1 /* Project object */;
}
